
Microsoft Visual Studio Solution File, Format Version 12.00
# Visual Studio Version 17
VisualStudioVersion = 17.5.002.0
MinimumVisualStudioVersion = 10.0.40219.1
Project("{9A19103F-16F7-4668-BE54-9A1E7A4F7556}") = "TourFlowBE", "TourFlowBE.csproj", "{4C485DF3-CD53-466A-BE15-995180F990F2}"
EndProject
Global
	GlobalSection(SolutionConfigurationPlatforms) = preSolution
		Debug|Any CPU = Debug|Any CPU
		Release|Any CPU = Release|Any CPU
	EndGlobalSection
	GlobalSection(ProjectConfigurationPlatforms) = postSolution
		{4C485DF3-CD53-466A-BE15-995180F990F2}.Debug|Any CPU.ActiveCfg = Debug|Any CPU
		{4C485DF3-CD53-466A-BE15-995180F990F2}.Debug|Any CPU.Build.0 = Debug|Any CPU
		{4C485DF3-CD53-466A-BE15-995180F990F2}.Release|Any CPU.ActiveCfg = Release|Any CPU
		{4C485DF3-CD53-466A-BE15-995180F990F2}.Release|Any CPU.Build.0 = Release|Any CPU
	EndGlobalSection
	GlobalSection(SolutionProperties) = preSolution
		HideSolutionNode = FALSE
	EndGlobalSection
	GlobalSection(ExtensibilityGlobals) = postSolution
		SolutionGuid = {8E7E2470-1F91-4D36-A197-CFBED2A1B621}
	EndGlobalSection
EndGlobal
